version = 1
revision = 2
requires-python = ">=3.8"
resolution-markers = [
    "python_full_version >= '3.9'",
    "python_full_version < '3.9'",
]

[[package]]
name = "browser-cookie3"
version = "0.20.1"
source = { registry = "https://pypi.org/simple" }
dependencies = [
    { name = "jeepney", marker = "'bsd' in sys_platform or sys_platform == 'linux'" },
    { name = "lz4", version = "4.3.3", source = { registry = "https://pypi.org/simple" }, marker = "python_full_version < '3.9'" },
    { name = "lz4", version = "4.4.4", source = { registry = "https://pypi.org/simple" }, marker = "python_full_version >= '3.9'" },
    { name = "pycryptodomex" },
    { name = "shadowcopy", marker = "sys_platform == 'win32'" },
]
sdist = { url = "https://files.pythonhosted.org/packages/e0/e1/652adea0ce25948e613ef78294c8ceaf4b32844aae00680d3a1712dde444/browser_cookie3-0.20.1.tar.gz", hash = "sha256:6d8d0744bf42a5327c951bdbcf77741db3455b8b4e840e18bab266d598368a12", size = 22665, upload-time = "2024-12-20T00:31:30.144Z" }
wheels = [
    { url = "https://files.pythonhosted.org/packages/4e/57/2a716f4ecf6c50b2dbe27439507c480bb7ca5725edef82349ecdcfcdd084/browser_cookie3-0.20.1-py3-none-any.whl", hash = "sha256:4b38bf669d386250733c8339f0036e1cf09c3d8e4d326fd507b9afb84def13d6", size = 17229, upload-time = "2025-01-04T14:46:14.753Z" },
]

[[package]]
name = "hibob-monitor"
version = "1.0.0"
source = { editable = "." }
dependencies = [
    { name = "browser-cookie3" },
]

[package.metadata]
requires-dist = [{ name = "browser-cookie3", specifier = ">=0.19.1" }]

[[package]]
name = "jeepney"
version = "0.9.0"
source = { registry = "https://pypi.org/simple" }
sdist = { url = "https://files.pythonhosted.org/packages/7b/6f/357efd7602486741aa73ffc0617fb310a29b588ed0fd69c2399acbb85b0c/jeepney-0.9.0.tar.gz", hash = "sha256:cf0e9e845622b81e4a28df94c40345400256ec608d0e55bb8a3feaa9163f5732", size = 106758, upload-time = "2025-02-27T18:51:01.684Z" }
wheels = [
    { url = "https://files.pythonhosted.org/packages/b2/a3/e137168c9c44d18eff0376253da9f1e9234d0239e0ee230d2fee6cea8e55/jeepney-0.9.0-py3-none-any.whl", hash = "sha256:97e5714520c16fc0a45695e5365a2e11b81ea79bba796e26f9f1d178cb182683", size = 49010, upload-time = "2025-02-27T18:51:00.104Z" },
]

[[package]]
name = "lz4"
version = "4.3.3"
source = { registry = "https://pypi.org/simple" }
resolution-markers = [
    "python_full_version < '3.9'",
]
sdist = { url = "https://files.pythonhosted.org/packages/a4/31/ec1259ca8ad11568abaf090a7da719616ca96b60d097ccc5799cd0ff599c/lz4-4.3.3.tar.gz", hash = "sha256:01fe674ef2889dbb9899d8a67361e0c4a2c833af5aeb37dd505727cf5d2a131e", size = 171509, upload-time = "2024-01-01T23:03:13.535Z" }
wheels = [
    { url = "https://files.pythonhosted.org/packages/ff/53/61258b5effac76dea5768b07042b2c3c56e15a91194cef92284a0dc0f5e7/lz4-4.3.3-cp310-cp310-macosx_10_9_x86_64.whl", hash = "sha256:b891880c187e96339474af2a3b2bfb11a8e4732ff5034be919aa9029484cd201", size = 254266, upload-time = "2024-01-01T23:02:12.448Z" },
    { url = "https://files.pythonhosted.org/packages/92/84/c243a5515950d72ff04220fd49903801825e4ac23691e19e7082d9d9f94b/lz4-4.3.3-cp310-cp310-macosx_11_0_arm64.whl", hash = "sha256:222a7e35137d7539c9c33bb53fcbb26510c5748779364014235afc62b0ec797f", size = 212359, upload-time = "2024-01-01T23:02:14.728Z" },
    { url = "https://files.pythonhosted.org/packages/10/26/5287564a909d069fdd6c25f2f420c58c5758993fa3ad2e064a7b610e6e5f/lz4-4.3.3-cp310-cp310-manylinux_2_17_aarch64.manylinux2014_aarch64.whl", hash = "sha256:f76176492ff082657ada0d0f10c794b6da5800249ef1692b35cf49b1e93e8ef7", size = 1237799, upload-time = "2024-01-01T23:02:16.805Z" },
    { url = "https://files.pythonhosted.org/packages/cf/50/75c8f966dbcc524e7253f99b8e04c6cad7328f517eb0323abf8b4068f5bb/lz4-4.3.3-cp310-cp310-manylinux_2_17_x86_64.manylinux2014_x86_64.whl", hash = "sha256:f1d18718f9d78182c6b60f568c9a9cec8a7204d7cb6fad4e511a2ef279e4cb05", size = 1263957, upload-time = "2024-01-01T23:02:18.953Z" },
    { url = "https://files.pythonhosted.org/packages/91/54/0f61c77a9599beb14ac5b828e8da20a04c6eaadb4f3fdbd79a817c66eb74/lz4-4.3.3-cp310-cp310-manylinux_2_5_i686.manylinux1_i686.manylinux_2_17_i686.manylinux2014_i686.whl", hash = "sha256:6cdc60e21ec70266947a48839b437d46025076eb4b12c76bd47f8e5eb8a75dcc", size = 1184035, upload-time = "2024-01-01T23:02:20.535Z" },
    { url = "https://files.pythonhosted.org/packages/8e/84/3be7fad87d84b67cd43174d67fc567e0aa3be154f8b0a1c2c0ff8df30854/lz4-4.3.3-cp310-cp310-win32.whl", hash = "sha256:c81703b12475da73a5d66618856d04b1307e43428a7e59d98cfe5a5d608a74c6", size = 87235, upload-time = "2024-01-01T23:02:22.552Z" },
    { url = "https://files.pythonhosted.org/packages/21/08/dc4714eb771b502deec8a714e40e5fbd2242bacd5fe55dcd29a0cb35c567/lz4-4.3.3-cp310-cp310-win_amd64.whl", hash = "sha256:43cf03059c0f941b772c8aeb42a0813d68d7081c009542301637e5782f8a33e2", size = 99781, upload-time = "2024-01-01T23:02:24.331Z" },
    { url = "https://files.pythonhosted.org/packages/f9/f7/cfb942edd53c8a6aba168720ccf3d6a0cac3e891a7feba97d5823b5dd047/lz4-4.3.3-cp311-cp311-macosx_10_9_x86_64.whl", hash = "sha256:30e8c20b8857adef7be045c65f47ab1e2c4fabba86a9fa9a997d7674a31ea6b6", size = 254267, upload-time = "2024-01-01T23:02:25.993Z" },
    { url = "https://files.pythonhosted.org/packages/71/ca/046bd7e7e1ed4639eb398192374bc3fbf5010d3c168361fec161b63e8bfa/lz4-4.3.3-cp311-cp311-macosx_11_0_arm64.whl", hash = "sha256:2f7b1839f795315e480fb87d9bc60b186a98e3e5d17203c6e757611ef7dcef61", size = 212353, upload-time = "2024-01-01T23:02:28.022Z" },
    { url = "https://files.pythonhosted.org/packages/0c/c2/5beb6a7bb7fd27cd5fe5bb93c15636d30987794b161e4609fbf20dc3b5c7/lz4-4.3.3-cp311-cp311-manylinux_2_17_aarch64.manylinux2014_aarch64.whl", hash = "sha256:edfd858985c23523f4e5a7526ca6ee65ff930207a7ec8a8f57a01eae506aaee7", size = 1239095, upload-time = "2024-01-01T23:02:29.319Z" },
    { url = "https://files.pythonhosted.org/packages/cf/d4/12915eb3083dfd1746d50b71b73334030b129cd25abbed9133dd2d413c21/lz4-4.3.3-cp311-cp311-manylinux_2_17_x86_64.manylinux2014_x86_64.whl", hash = "sha256:0e9c410b11a31dbdc94c05ac3c480cb4b222460faf9231f12538d0074e56c563", size = 1265760, upload-time = "2024-01-01T23:02:30.791Z" },
    { url = "https://files.pythonhosted.org/packages/94/7b/5e72b7504d7675b484812bfc65fe958f7649a64e0d6fe35c11812511f0b5/lz4-4.3.3-cp311-cp311-manylinux_2_5_i686.manylinux1_i686.manylinux_2_17_i686.manylinux2014_i686.whl", hash = "sha256:d2507ee9c99dbddd191c86f0e0c8b724c76d26b0602db9ea23232304382e1f21", size = 1185451, upload-time = "2024-01-01T23:02:32.845Z" },
    { url = "https://files.pythonhosted.org/packages/2f/b5/3726a678b3a0c64d24e71179e35e7ff8e3553da9d32c2fddce879d042b63/lz4-4.3.3-cp311-cp311-win32.whl", hash = "sha256:f180904f33bdd1e92967923a43c22899e303906d19b2cf8bb547db6653ea6e7d", size = 87232, upload-time = "2024-01-01T23:02:34.361Z" },
    { url = "https://files.pythonhosted.org/packages/55/f9/69ed96043dae4d982286a4dda2feb473f49e95e4c90a928ec583d93769a2/lz4-4.3.3-cp311-cp311-win_amd64.whl", hash = "sha256:b14d948e6dce389f9a7afc666d60dd1e35fa2138a8ec5306d30cd2e30d36b40c", size = 99794, upload-time = "2024-01-01T23:02:35.651Z" },
    { url = "https://files.pythonhosted.org/packages/4d/6f/081811b17ccaec5f06b3030756af2737841447849118a6e1078481a78c6c/lz4-4.3.3-cp312-cp312-macosx_10_9_x86_64.whl", hash = "sha256:e36cd7b9d4d920d3bfc2369840da506fa68258f7bb176b8743189793c055e43d", size = 254213, upload-time = "2024-01-01T23:02:37.507Z" },
    { url = "https://files.pythonhosted.org/packages/53/4d/8e04ef75feff8848ba3c624ce81c7732bdcea5f8f994758afa88cd3d7764/lz4-4.3.3-cp312-cp312-macosx_11_0_arm64.whl", hash = "sha256:31ea4be9d0059c00b2572d700bf2c1bc82f241f2c3282034a759c9a4d6ca4dc2", size = 212354, upload-time = "2024-01-01T23:02:38.795Z" },
    { url = "https://files.pythonhosted.org/packages/a3/04/257a72d6a879dbc8c669018989f776fcdd5b4bf3c2c51c09a54f1ca31721/lz4-4.3.3-cp312-cp312-manylinux_2_17_aarch64.manylinux2014_aarch64.whl", hash = "sha256:33c9a6fd20767ccaf70649982f8f3eeb0884035c150c0b818ea660152cf3c809", size = 1238643, upload-time = "2024-01-01T23:02:41.217Z" },
    { url = "https://files.pythonhosted.org/packages/d9/93/4a7e489156fa7ded03ba9cde4a8ca7f373672b5787cac9a0391befa752a1/lz4-4.3.3-cp312-cp312-manylinux_2_17_x86_64.manylinux2014_x86_64.whl", hash = "sha256:bca8fccc15e3add173da91be8f34121578dc777711ffd98d399be35487c934bf", size = 1265014, upload-time = "2024-01-01T23:02:42.692Z" },
    { url = "https://files.pythonhosted.org/packages/fd/a4/f84ebc23bc7602623b1b003b4e1120cbf86fb03a35c595c226be1985449b/lz4-4.3.3-cp312-cp312-manylinux_2_5_i686.manylinux1_i686.manylinux_2_17_i686.manylinux2014_i686.whl", hash = "sha256:e7d84b479ddf39fe3ea05387f10b779155fc0990125f4fb35d636114e1c63a2e", size = 1184881, upload-time = "2024-01-01T23:02:44.053Z" },
    { url = "https://files.pythonhosted.org/packages/de/3d/8ba48305378e84908221de143a21ba0c0ce52778893865cf85b66b1068da/lz4-4.3.3-cp312-cp312-win32.whl", hash = "sha256:337cb94488a1b060ef1685187d6ad4ba8bc61d26d631d7ba909ee984ea736be1", size = 87241, upload-time = "2024-01-01T23:02:45.744Z" },
    { url = "https://files.pythonhosted.org/packages/c4/5d/7b70965a0692de29af2af1007fe837f46fd456bbe2aa8f838a8543a3b5cb/lz4-4.3.3-cp312-cp312-win_amd64.whl", hash = "sha256:5d35533bf2cee56f38ced91f766cd0038b6abf46f438a80d50c52750088be93f", size = 99776, upload-time = "2024-01-01T23:02:47.095Z" },
    { url = "https://files.pythonhosted.org/packages/34/aa/f3cdb730fc54845a733930db132b9b9e01299ee2316a1f4c30b7336d02bf/lz4-4.3.3-cp38-cp38-macosx_10_9_x86_64.whl", hash = "sha256:363ab65bf31338eb364062a15f302fc0fab0a49426051429866d71c793c23394", size = 254252, upload-time = "2024-01-01T23:02:49.461Z" },
    { url = "https://files.pythonhosted.org/packages/da/93/f6a57e1b6700fe859a43bbe6c6235c16fee22189297edfe9ab16b2b6e9a8/lz4-4.3.3-cp38-cp38-macosx_11_0_arm64.whl", hash = "sha256:0a136e44a16fc98b1abc404fbabf7f1fada2bdab6a7e970974fb81cf55b636d0", size = 212352, upload-time = "2024-01-01T23:02:51.388Z" },
    { url = "https://files.pythonhosted.org/packages/e4/f8/906a0033c36ba83f43e4cbd0bd271bdd268b6e91179f9784144983df772e/lz4-4.3.3-cp38-cp38-manylinux_2_17_aarch64.manylinux2014_aarch64.whl", hash = "sha256:abc197e4aca8b63f5ae200af03eb95fb4b5055a8f990079b5bdf042f568469dd", size = 1238847, upload-time = "2024-01-01T23:02:53.332Z" },
    { url = "https://files.pythonhosted.org/packages/3d/9e/c22ae78e8e4459af27a8a4e80ae93047809bf4108aafa1d1414b57638fd2/lz4-4.3.3-cp38-cp38-manylinux_2_17_x86_64.manylinux2014_x86_64.whl", hash = "sha256:56f4fe9c6327adb97406f27a66420b22ce02d71a5c365c48d6b656b4aaeb7775", size = 1265018, upload-time = "2024-01-01T23:02:54.771Z" },
    { url = "https://files.pythonhosted.org/packages/9c/33/31fe8904a8eb1f2d4deec1538c2797ad80bc05aaa55fcd6207217a0a6ff7/lz4-4.3.3-cp38-cp38-manylinux_2_5_i686.manylinux1_i686.manylinux_2_17_i686.manylinux2014_i686.whl", hash = "sha256:f0e822cd7644995d9ba248cb4b67859701748a93e2ab7fc9bc18c599a52e4604", size = 1185021, upload-time = "2024-01-01T23:02:56.343Z" },
    { url = "https://files.pythonhosted.org/packages/10/84/957d1427414d787a1350158c1f6e0e672e5b631315e993d111f68011e0d2/lz4-4.3.3-cp38-cp38-win32.whl", hash = "sha256:24b3206de56b7a537eda3a8123c644a2b7bf111f0af53bc14bed90ce5562d1aa", size = 87231, upload-time = "2024-01-01T23:02:58.442Z" },
    { url = "https://files.pythonhosted.org/packages/3b/f5/d7564e562e349f882924e4f57cbe699d2e510cc143ea6646feffceab4b9d/lz4-4.3.3-cp38-cp38-win_amd64.whl", hash = "sha256:b47839b53956e2737229d70714f1d75f33e8ac26e52c267f0197b3189ca6de24", size = 99785, upload-time = "2024-01-01T23:02:59.587Z" },
    { url = "https://files.pythonhosted.org/packages/8c/50/02c6024b56517555b6a4e7e66d429ac643e62995c617f519890d74e6acaa/lz4-4.3.3-cp39-cp39-macosx_10_9_x86_64.whl", hash = "sha256:6756212507405f270b66b3ff7f564618de0606395c0fe10a7ae2ffcbbe0b1fba", size = 254250, upload-time = "2024-01-01T23:03:00.89Z" },
    { url = "https://files.pythonhosted.org/packages/c5/db/0ace70b2545d90d14e7edd02d283624bc4c34bb9a4735641c4250ac5eebe/lz4-4.3.3-cp39-cp39-macosx_11_0_arm64.whl", hash = "sha256:ee9ff50557a942d187ec85462bb0960207e7ec5b19b3b48949263993771c6205", size = 212360, upload-time = "2024-01-01T23:03:03.059Z" },
    { url = "https://files.pythonhosted.org/packages/af/0c/8c6b3426e7f40b89cffdc094e7bb205f1bddbe540a00f720565b3dc025b1/lz4-4.3.3-cp39-cp39-manylinux_2_17_aarch64.manylinux2014_aarch64.whl", hash = "sha256:2b901c7784caac9a1ded4555258207d9e9697e746cc8532129f150ffe1f6ba0d", size = 1237170, upload-time = "2024-01-01T23:03:04.569Z" },
    { url = "https://files.pythonhosted.org/packages/10/39/baa1138796c410449ec1d8942cd8105c1ed41745e2b16f64dbe02ff10ee3/lz4-4.3.3-cp39-cp39-manylinux_2_17_x86_64.manylinux2014_x86_64.whl", hash = "sha256:b6d9ec061b9eca86e4dcc003d93334b95d53909afd5a32c6e4f222157b50c071", size = 1263305, upload-time = "2024-01-01T23:03:06.687Z" },
    { url = "https://files.pythonhosted.org/packages/7c/43/2d94c35667928fe2bea272d9cbdfcd1c847eb47abe19d8abe5464a0469da/lz4-4.3.3-cp39-cp39-manylinux_2_5_i686.manylinux1_i686.manylinux_2_17_i686.manylinux2014_i686.whl", hash = "sha256:f4c7bf687303ca47d69f9f0133274958fd672efaa33fb5bcde467862d6c621f0", size = 1183475, upload-time = "2024-01-01T23:03:09.085Z" },
    { url = "https://files.pythonhosted.org/packages/e6/f6/8ecd4100e9650d615cb380482716fbdecd5e968b50d5d2edcf7acb25762c/lz4-4.3.3-cp39-cp39-win32.whl", hash = "sha256:054b4631a355606e99a42396f5db4d22046a3397ffc3269a348ec41eaebd69d2", size = 87230, upload-time = "2024-01-01T23:03:10.469Z" },
    { url = "https://files.pythonhosted.org/packages/46/e0/d1260caaea03089ac9bbf4cce3e1afc8affbeb9719aeb4f0e2430b15329a/lz4-4.3.3-cp39-cp39-win_amd64.whl", hash = "sha256:eac9af361e0d98335a02ff12fb56caeb7ea1196cf1a49dbf6f17828a131da807", size = 99784, upload-time = "2024-01-01T23:03:11.733Z" },
]

[[package]]
name = "lz4"
version = "4.4.4"
source = { registry = "https://pypi.org/simple" }
resolution-markers = [
    "python_full_version >= '3.9'",
]
sdist = { url = "https://files.pythonhosted.org/packages/c6/5a/945f5086326d569f14c84ac6f7fcc3229f0b9b1e8cc536b951fd53dfb9e1/lz4-4.4.4.tar.gz", hash = "sha256:070fd0627ec4393011251a094e08ed9fdcc78cb4e7ab28f507638eee4e39abda", size = 171884, upload-time = "2025-04-01T22:55:58.62Z" }
wheels = [
    { url = "https://files.pythonhosted.org/packages/b0/80/4054e99cda2e003097f59aeb3ad470128f3298db5065174a84564d2d6983/lz4-4.4.4-cp310-cp310-macosx_10_9_x86_64.whl", hash = "sha256:f170abb8416c4efca48e76cac2c86c3185efdf841aecbe5c190121c42828ced0", size = 220896, upload-time = "2025-04-01T22:55:13.577Z" },
    { url = "https://files.pythonhosted.org/packages/dd/4e/f92424d5734e772b05ddbeec739e2566e2a2336995b36a180e1dd9411e9a/lz4-4.4.4-cp310-cp310-macosx_11_0_arm64.whl", hash = "sha256:d33a5105cd96ebd32c3e78d7ece6123a9d2fb7c18b84dec61f27837d9e0c496c", size = 189679, upload-time = "2025-04-01T22:55:15.471Z" },
    { url = "https://files.pythonhosted.org/packages/a2/70/71ffd496067cba6ba352e10b89c0e9cee3e4bc4717ba866b6aa350f4c7ac/lz4-4.4.4-cp310-cp310-manylinux_2_17_aarch64.manylinux2014_aarch64.whl", hash = "sha256:30ebbc5b76b4f0018988825a7e9ce153be4f0d4eba34e6c1f2fcded120573e88", size = 1237940, upload-time = "2025-04-01T22:55:16.498Z" },
    { url = "https://files.pythonhosted.org/packages/6e/59/cf34d1e232b11e1ae7122300be00529f369a7cd80f74ac351d58c4c4eedf/lz4-4.4.4-cp310-cp310-manylinux_2_17_x86_64.manylinux2014_x86_64.whl", hash = "sha256:dc64d6dfa7a89397529b22638939e70d85eaedc1bd68e30a29c78bfb65d4f715", size = 1264105, upload-time = "2025-04-01T22:55:17.606Z" },
    { url = "https://files.pythonhosted.org/packages/f9/f6/3a00a98ff5b872d572cc6e9c88e0f6275bea0f3ed1dc1b8f8b736c85784c/lz4-4.4.4-cp310-cp310-manylinux_2_5_i686.manylinux1_i686.manylinux_2_17_i686.manylinux2014_i686.whl", hash = "sha256:a355223a284f42a723c120ce68827de66d5cb872a38732b3d5abbf544fa2fe26", size = 1184179, upload-time = "2025-04-01T22:55:19.206Z" },
    { url = "https://files.pythonhosted.org/packages/bc/de/6aeb602786174bad290609c0c988afb1077b74a80eaea23ebc3b5de6e2fa/lz4-4.4.4-cp310-cp310-win32.whl", hash = "sha256:b28228197775b7b5096898851d59ef43ccaf151136f81d9c436bc9ba560bc2ba", size = 88265, upload-time = "2025-04-01T22:55:20.215Z" },
    { url = "https://files.pythonhosted.org/packages/e4/b5/1f52c8b17d02ae637f85911c0135ca08be1c9bbdfb3e7de1c4ae7af0bac6/lz4-4.4.4-cp310-cp310-win_amd64.whl", hash = "sha256:45e7c954546de4f85d895aa735989d77f87dd649f503ce1c8a71a151b092ed36", size = 99916, upload-time = "2025-04-01T22:55:21.332Z" },
    { url = "https://files.pythonhosted.org/packages/01/e7/123587e7dae6cdba48393e4fdad2b9412f43f51346afe9ca6f697029de11/lz4-4.4.4-cp310-cp310-win_arm64.whl", hash = "sha256:e3fc90f766401684740978cd781d73b9685bd81b5dbf7257542ef9de4612e4d2", size = 89746, upload-time = "2025-04-01T22:55:22.205Z" },
    { url = "https://files.pythonhosted.org/packages/28/e8/63843dc5ecb1529eb38e1761ceed04a0ad52a9ad8929ab8b7930ea2e4976/lz4-4.4.4-cp311-cp311-macosx_10_9_x86_64.whl", hash = "sha256:ddfc7194cd206496c445e9e5b0c47f970ce982c725c87bd22de028884125b68f", size = 220898, upload-time = "2025-04-01T22:55:23.085Z" },
    { url = "https://files.pythonhosted.org/packages/e4/94/c53de5f07c7dc11cf459aab2a1d754f5df5f693bfacbbe1e4914bfd02f1e/lz4-4.4.4-cp311-cp311-macosx_11_0_arm64.whl", hash = "sha256:714f9298c86f8e7278f1c6af23e509044782fa8220eb0260f8f8f1632f820550", size = 189685, upload-time = "2025-04-01T22:55:24.413Z" },
    { url = "https://files.pythonhosted.org/packages/fe/59/c22d516dd0352f2a3415d1f665ccef2f3e74ecec3ca6a8f061a38f97d50d/lz4-4.4.4-cp311-cp311-manylinux_2_17_aarch64.manylinux2014_aarch64.whl", hash = "sha256:a8474c91de47733856c6686df3c4aca33753741da7e757979369c2c0d32918ba", size = 1239225, upload-time = "2025-04-01T22:55:25.737Z" },
    { url = "https://files.pythonhosted.org/packages/81/af/665685072e71f3f0e626221b7922867ec249cd8376aca761078c8f11f5da/lz4-4.4.4-cp311-cp311-manylinux_2_17_x86_64.manylinux2014_x86_64.whl", hash = "sha256:80dd27d7d680ea02c261c226acf1d41de2fd77af4fb2da62b278a9376e380de0", size = 1265881, upload-time = "2025-04-01T22:55:26.817Z" },
    { url = "https://files.pythonhosted.org/packages/90/04/b4557ae381d3aa451388a29755cc410066f5e2f78c847f66f154f4520a68/lz4-4.4.4-cp311-cp311-manylinux_2_5_i686.manylinux1_i686.manylinux_2_17_i686.manylinux2014_i686.whl", hash = "sha256:9b7d6dddfd01b49aedb940fdcaf32f41dc58c926ba35f4e31866aeec2f32f4f4", size = 1185593, upload-time = "2025-04-01T22:55:27.896Z" },
    { url = "https://files.pythonhosted.org/packages/7b/e4/03636979f4e8bf92c557f998ca98ee4e6ef92e92eaf0ed6d3c7f2524e790/lz4-4.4.4-cp311-cp311-win32.whl", hash = "sha256:4134b9fd70ac41954c080b772816bb1afe0c8354ee993015a83430031d686a4c", size = 88259, upload-time = "2025-04-01T22:55:29.03Z" },
    { url = "https://files.pythonhosted.org/packages/07/f0/9efe53b4945441a5d2790d455134843ad86739855b7e6199977bf6dc8898/lz4-4.4.4-cp311-cp311-win_amd64.whl", hash = "sha256:f5024d3ca2383470f7c4ef4d0ed8eabad0b22b23eeefde1c192cf1a38d5e9f78", size = 99916, upload-time = "2025-04-01T22:55:29.933Z" },
    { url = "https://files.pythonhosted.org/packages/87/c8/1675527549ee174b9e1db089f7ddfbb962a97314657269b1e0344a5eaf56/lz4-4.4.4-cp311-cp311-win_arm64.whl", hash = "sha256:6ea715bb3357ea1665f77874cf8f55385ff112553db06f3742d3cdcec08633f7", size = 89741, upload-time = "2025-04-01T22:55:31.184Z" },
    { url = "https://files.pythonhosted.org/packages/f7/2d/5523b4fabe11cd98f040f715728d1932eb7e696bfe94391872a823332b94/lz4-4.4.4-cp312-cp312-macosx_10_13_x86_64.whl", hash = "sha256:23ae267494fdd80f0d2a131beff890cf857f1b812ee72dbb96c3204aab725553", size = 220669, upload-time = "2025-04-01T22:55:32.032Z" },
    { url = "https://files.pythonhosted.org/packages/91/06/1a5bbcacbfb48d8ee5b6eb3fca6aa84143a81d92946bdb5cd6b005f1863e/lz4-4.4.4-cp312-cp312-macosx_11_0_arm64.whl", hash = "sha256:fff9f3a1ed63d45cb6514bfb8293005dc4141341ce3500abdfeb76124c0b9b2e", size = 189661, upload-time = "2025-04-01T22:55:33.413Z" },
    { url = "https://files.pythonhosted.org/packages/fa/08/39eb7ac907f73e11a69a11576a75a9e36406b3241c0ba41453a7eb842abb/lz4-4.4.4-cp312-cp312-manylinux_2_17_aarch64.manylinux2014_aarch64.whl", hash = "sha256:1ea7f07329f85a8eda4d8cf937b87f27f0ac392c6400f18bea2c667c8b7f8ecc", size = 1238775, upload-time = "2025-04-01T22:55:34.835Z" },
    { url = "https://files.pythonhosted.org/packages/e9/26/05840fbd4233e8d23e88411a066ab19f1e9de332edddb8df2b6a95c7fddc/lz4-4.4.4-cp312-cp312-manylinux_2_17_x86_64.manylinux2014_x86_64.whl", hash = "sha256:8ccab8f7f7b82f9fa9fc3b0ba584d353bd5aa818d5821d77d5b9447faad2aaad", size = 1265143, upload-time = "2025-04-01T22:55:35.933Z" },
    { url = "https://files.pythonhosted.org/packages/b7/5d/5f2db18c298a419932f3ab2023deb689863cf8fd7ed875b1c43492479af2/lz4-4.4.4-cp312-cp312-manylinux_2_5_i686.manylinux1_i686.manylinux_2_17_i686.manylinux2014_i686.whl", hash = "sha256:e43e9d48b2daf80e486213128b0763deed35bbb7a59b66d1681e205e1702d735", size = 1185032, upload-time = "2025-04-01T22:55:37.454Z" },
    { url = "https://files.pythonhosted.org/packages/c4/e6/736ab5f128694b0f6aac58343bcf37163437ac95997276cd0be3ea4c3342/lz4-4.4.4-cp312-cp312-win32.whl", hash = "sha256:33e01e18e4561b0381b2c33d58e77ceee850a5067f0ece945064cbaac2176962", size = 88284, upload-time = "2025-04-01T22:55:38.536Z" },
    { url = "https://files.pythonhosted.org/packages/40/b8/243430cb62319175070e06e3a94c4c7bd186a812e474e22148ae1290d47d/lz4-4.4.4-cp312-cp312-win_amd64.whl", hash = "sha256:d21d1a2892a2dcc193163dd13eaadabb2c1b803807a5117d8f8588b22eaf9f12", size = 99918, upload-time = "2025-04-01T22:55:39.628Z" },
    { url = "https://files.pythonhosted.org/packages/6c/e1/0686c91738f3e6c2e1a243e0fdd4371667c4d2e5009b0a3605806c2aa020/lz4-4.4.4-cp312-cp312-win_arm64.whl", hash = "sha256:2f4f2965c98ab254feddf6b5072854a6935adab7bc81412ec4fe238f07b85f62", size = 89736, upload-time = "2025-04-01T22:55:40.5Z" },
    { url = "https://files.pythonhosted.org/packages/3b/3c/d1d1b926d3688263893461e7c47ed7382a969a0976fc121fc678ec325fc6/lz4-4.4.4-cp313-cp313-macosx_10_13_x86_64.whl", hash = "sha256:ed6eb9f8deaf25ee4f6fad9625d0955183fdc90c52b6f79a76b7f209af1b6e54", size = 220678, upload-time = "2025-04-01T22:55:41.78Z" },
    { url = "https://files.pythonhosted.org/packages/26/89/8783d98deb058800dabe07e6cdc90f5a2a8502a9bad8c5343c641120ace2/lz4-4.4.4-cp313-cp313-macosx_11_0_arm64.whl", hash = "sha256:18ae4fe3bafb344dbd09f976d45cbf49c05c34416f2462828f9572c1fa6d5af7", size = 189670, upload-time = "2025-04-01T22:55:42.775Z" },
    { url = "https://files.pythonhosted.org/packages/22/ab/a491ace69a83a8914a49f7391e92ca0698f11b28d5ce7b2ececa2be28e9a/lz4-4.4.4-cp313-cp313-manylinux_2_17_aarch64.manylinux2014_aarch64.whl", hash = "sha256:57fd20c5fc1a49d1bbd170836fccf9a338847e73664f8e313dce6ac91b8c1e02", size = 1238746, upload-time = "2025-04-01T22:55:43.797Z" },
    { url = "https://files.pythonhosted.org/packages/97/12/a1f2f4fdc6b7159c0d12249456f9fe454665b6126e98dbee9f2bd3cf735c/lz4-4.4.4-cp313-cp313-manylinux_2_17_x86_64.manylinux2014_x86_64.whl", hash = "sha256:e9cb387c33f014dae4db8cb4ba789c8d2a0a6d045ddff6be13f6c8d9def1d2a6", size = 1265119, upload-time = "2025-04-01T22:55:44.943Z" },
    { url = "https://files.pythonhosted.org/packages/50/6e/e22e50f5207649db6ea83cd31b79049118305be67e96bec60becf317afc6/lz4-4.4.4-cp313-cp313-manylinux_2_5_i686.manylinux1_i686.manylinux_2_17_i686.manylinux2014_i686.whl", hash = "sha256:d0be9f68240231e1e44118a4ebfecd8a5d4184f0bdf5c591c98dd6ade9720afd", size = 1184954, upload-time = "2025-04-01T22:55:46.161Z" },
    { url = "https://files.pythonhosted.org/packages/4c/c4/2a458039645fcc6324ece731d4d1361c5daf960b553d1fcb4261ba07d51c/lz4-4.4.4-cp313-cp313-win32.whl", hash = "sha256:e9ec5d45ea43684f87c316542af061ef5febc6a6b322928f059ce1fb289c298a", size = 88289, upload-time = "2025-04-01T22:55:47.601Z" },
    { url = "https://files.pythonhosted.org/packages/00/96/b8e24ea7537ab418074c226279acfcaa470e1ea8271003e24909b6db942b/lz4-4.4.4-cp313-cp313-win_amd64.whl", hash = "sha256:a760a175b46325b2bb33b1f2bbfb8aa21b48e1b9653e29c10b6834f9bb44ead4", size = 99925, upload-time = "2025-04-01T22:55:48.463Z" },
    { url = "https://files.pythonhosted.org/packages/a5/a5/f9838fe6aa132cfd22733ed2729d0592259fff074cefb80f19aa0607367b/lz4-4.4.4-cp313-cp313-win_arm64.whl", hash = "sha256:f4c21648d81e0dda38b4720dccc9006ae33b0e9e7ffe88af6bf7d4ec124e2fba", size = 89743, upload-time = "2025-04-01T22:55:49.716Z" },
    { url = "https://files.pythonhosted.org/packages/60/92/84d57db743cef59b2277cf40577de12ab48cbcd327772273a81a39d70580/lz4-4.4.4-cp39-cp39-macosx_10_9_x86_64.whl", hash = "sha256:bd1add57b6fe1f96bed2d529de085e9378a3ac04b86f116d10506f85b68e97fc", size = 220887, upload-time = "2025-04-01T22:55:50.607Z" },
    { url = "https://files.pythonhosted.org/packages/87/b7/afa1ba2f827c1ec9d0b571e4fc71a2357a7fc735430cfb9b4c03f94f5d8a/lz4-4.4.4-cp39-cp39-macosx_11_0_arm64.whl", hash = "sha256:900912e8a7cf74b4a2bea18a3594ae0bf1138f99919c20017167b6e05f760aa4", size = 189664, upload-time = "2025-04-01T22:55:51.579Z" },
    { url = "https://files.pythonhosted.org/packages/6f/6b/bfa74d3412cc9a5c787b44e1941b3186a813f8354ea633aed785ad8af106/lz4-4.4.4-cp39-cp39-manylinux_2_17_aarch64.manylinux2014_aarch64.whl", hash = "sha256:017f8d269a739405a59d68a4d63d23a8df23e3bb2c70aa069b7563af08dfdffb", size = 1237318, upload-time = "2025-04-01T22:55:52.55Z" },
    { url = "https://files.pythonhosted.org/packages/b8/c7/3e826333be0034ac702a6fa25ed289002c83a154c69d8b9da7f3583157c5/lz4-4.4.4-cp39-cp39-manylinux_2_17_x86_64.manylinux2014_x86_64.whl", hash = "sha256:dac522788296a9a02a39f620970dea86c38e141e21e51238f1b5e9fa629f8e69", size = 1263452, upload-time = "2025-04-01T22:55:53.757Z" },
    { url = "https://files.pythonhosted.org/packages/45/e5/06b90dbe76f21475aab0052e0f1a8598d651a5a269f2e9a86f05241142ed/lz4-4.4.4-cp39-cp39-manylinux_2_5_i686.manylinux1_i686.manylinux_2_17_i686.manylinux2014_i686.whl", hash = "sha256:6b56aa9eef830bf6443acd8c4e18b208a8993dc32e0d6ef4263ecfa6afb3f599", size = 1183617, upload-time = "2025-04-01T22:55:54.858Z" },
    { url = "https://files.pythonhosted.org/packages/0b/9e/1781ecb72300aed4d74484dff9a16a585e82c5de47c52930bb6e5a415c40/lz4-4.4.4-cp39-cp39-win32.whl", hash = "sha256:585b42eb37ab16a278c3a917ec23b2beef175aa669f4120142b97aebf90ef775", size = 88266, upload-time = "2025-04-01T22:55:55.988Z" },
    { url = "https://files.pythonhosted.org/packages/f8/2d/2426270bc39cd39a49773559137415b5a1bb43d3be75a44807806f5cb503/lz4-4.4.4-cp39-cp39-win_amd64.whl", hash = "sha256:4ab1537bd3b3bfbafd3c8847e06827129794488304f21945fc2f5b669649d94f", size = 99915, upload-time = "2025-04-01T22:55:56.849Z" },
    { url = "https://files.pythonhosted.org/packages/66/ea/cadcd430073925e1acd7c509333101cc1b922593af6779355bf6cc064c73/lz4-4.4.4-cp39-cp39-win_arm64.whl", hash = "sha256:38730927ad51beb42ab8dbc5555270bfbe86167ba734265f88bbd799fced1004", size = 89747, upload-time = "2025-04-01T22:55:57.749Z" },
]

[[package]]
name = "pycryptodomex"
version = "3.23.0"
source = { registry = "https://pypi.org/simple" }
sdist = { url = "https://files.pythonhosted.org/packages/c9/85/e24bf90972a30b0fcd16c73009add1d7d7cd9140c2498a68252028899e41/pycryptodomex-3.23.0.tar.gz", hash = "sha256:71909758f010c82bc99b0abf4ea12012c98962fbf0583c2164f8b84533c2e4da", size = 4922157, upload-time = "2025-05-17T17:23:41.434Z" }
wheels = [
    { url = "https://files.pythonhosted.org/packages/2e/00/10edb04777069a42490a38c137099d4b17ba6e36a4e6e28bdc7470e9e853/pycryptodomex-3.23.0-cp313-cp313t-macosx_10_13_universal2.whl", hash = "sha256:7b37e08e3871efe2187bc1fd9320cc81d87caf19816c648f24443483005ff886", size = 2498764, upload-time = "2025-05-17T17:22:21.453Z" },
    { url = "https://files.pythonhosted.org/packages/6b/3f/2872a9c2d3a27eac094f9ceaa5a8a483b774ae69018040ea3240d5b11154/pycryptodomex-3.23.0-cp313-cp313t-macosx_10_13_x86_64.whl", hash = "sha256:91979028227543010d7b2ba2471cf1d1e398b3f183cb105ac584df0c36dac28d", size = 1643012, upload-time = "2025-05-17T17:22:23.702Z" },
    { url = "https://files.pythonhosted.org/packages/70/af/774c2e2b4f6570fbf6a4972161adbb183aeeaa1863bde31e8706f123bf92/pycryptodomex-3.23.0-cp313-cp313t-manylinux_2_17_aarch64.manylinux2014_aarch64.whl", hash = "sha256:6b8962204c47464d5c1c4038abeadd4514a133b28748bcd9fa5b6d62e3cec6fa", size = 2187643, upload-time = "2025-05-17T17:22:26.37Z" },
    { url = "https://files.pythonhosted.org/packages/de/a3/71065b24cb889d537954cedc3ae5466af00a2cabcff8e29b73be047e9a19/pycryptodomex-3.23.0-cp313-cp313t-manylinux_2_17_x86_64.manylinux2014_x86_64.whl", hash = "sha256:a33986a0066860f7fcf7c7bd2bc804fa90e434183645595ae7b33d01f3c91ed8", size = 2273762, upload-time = "2025-05-17T17:22:28.313Z" },
    { url = "https://files.pythonhosted.org/packages/c9/0b/ff6f43b7fbef4d302c8b981fe58467b8871902cdc3eb28896b52421422cc/pycryptodomex-3.23.0-cp313-cp313t-manylinux_2_5_i686.manylinux1_i686.manylinux_2_17_i686.manylinux2014_i686.whl", hash = "sha256:c7947ab8d589e3178da3d7cdeabe14f841b391e17046954f2fbcd941705762b5", size = 2313012, upload-time = "2025-05-17T17:22:30.57Z" },
    { url = "https://files.pythonhosted.org/packages/02/de/9d4772c0506ab6da10b41159493657105d3f8bb5c53615d19452afc6b315/pycryptodomex-3.23.0-cp313-cp313t-musllinux_1_2_aarch64.whl", hash = "sha256:c25e30a20e1b426e1f0fa00131c516f16e474204eee1139d1603e132acffc314", size = 2186856, upload-time = "2025-05-17T17:22:32.819Z" },
    { url = "https://files.pythonhosted.org/packages/28/ad/8b30efcd6341707a234e5eba5493700a17852ca1ac7a75daa7945fcf6427/pycryptodomex-3.23.0-cp313-cp313t-musllinux_1_2_i686.whl", hash = "sha256:da4fa650cef02db88c2b98acc5434461e027dce0ae8c22dd5a69013eaf510006", size = 2347523, upload-time = "2025-05-17T17:22:35.386Z" },
    { url = "https://files.pythonhosted.org/packages/0f/02/16868e9f655b7670dbb0ac4f2844145cbc42251f916fc35c414ad2359849/pycryptodomex-3.23.0-cp313-cp313t-musllinux_1_2_x86_64.whl", hash = "sha256:58b851b9effd0d072d4ca2e4542bf2a4abcf13c82a29fd2c93ce27ee2a2e9462", size = 2272825, upload-time = "2025-05-17T17:22:37.632Z" },
    { url = "https://files.pythonhosted.org/packages/ca/18/4ca89ac737230b52ac8ffaca42f9c6f1fd07c81a6cd821e91af79db60632/pycryptodomex-3.23.0-cp313-cp313t-win32.whl", hash = "sha256:a9d446e844f08299236780f2efa9898c818fe7e02f17263866b8550c7d5fb328", size = 1772078, upload-time = "2025-05-17T17:22:40Z" },
    { url = "https://files.pythonhosted.org/packages/73/34/13e01c322db027682e00986873eca803f11c56ade9ba5bbf3225841ea2d4/pycryptodomex-3.23.0-cp313-cp313t-win_amd64.whl", hash = "sha256:bc65bdd9fc8de7a35a74cab1c898cab391a4add33a8fe740bda00f5976ca4708", size = 1803656, upload-time = "2025-05-17T17:22:42.139Z" },
    { url = "https://files.pythonhosted.org/packages/54/68/9504c8796b1805d58f4425002bcca20f12880e6fa4dc2fc9a668705c7a08/pycryptodomex-3.23.0-cp313-cp313t-win_arm64.whl", hash = "sha256:c885da45e70139464f082018ac527fdaad26f1657a99ee13eecdce0f0ca24ab4", size = 1707172, upload-time = "2025-05-17T17:22:44.704Z" },
    { url = "https://files.pythonhosted.org/packages/dd/9c/1a8f35daa39784ed8adf93a694e7e5dc15c23c741bbda06e1d45f8979e9e/pycryptodomex-3.23.0-cp37-abi3-macosx_10_9_universal2.whl", hash = "sha256:06698f957fe1ab229a99ba2defeeae1c09af185baa909a31a5d1f9d42b1aaed6", size = 2499240, upload-time = "2025-05-17T17:22:46.953Z" },
    { url = "https://files.pythonhosted.org/packages/7a/62/f5221a191a97157d240cf6643747558759126c76ee92f29a3f4aee3197a5/pycryptodomex-3.23.0-cp37-abi3-macosx_10_9_x86_64.whl", hash = "sha256:b2c2537863eccef2d41061e82a881dcabb04944c5c06c5aa7110b577cc487545", size = 1644042, upload-time = "2025-05-17T17:22:49.098Z" },
    { url = "https://files.pythonhosted.org/packages/8c/fd/5a054543c8988d4ed7b612721d7e78a4b9bf36bc3c5ad45ef45c22d0060e/pycryptodomex-3.23.0-cp37-abi3-manylinux_2_17_aarch64.manylinux2014_aarch64.whl", hash = "sha256:43c446e2ba8df8889e0e16f02211c25b4934898384c1ec1ec04d7889c0333587", size = 2186227, upload-time = "2025-05-17T17:22:51.139Z" },
    { url = "https://files.pythonhosted.org/packages/c8/a9/8862616a85cf450d2822dbd4fff1fcaba90877907a6ff5bc2672cafe42f8/pycryptodomex-3.23.0-cp37-abi3-manylinux_2_17_x86_64.manylinux2014_x86_64.whl", hash = "sha256:f489c4765093fb60e2edafdf223397bc716491b2b69fe74367b70d6999257a5c", size = 2272578, upload-time = "2025-05-17T17:22:53.676Z" },
    { url = "https://files.pythonhosted.org/packages/46/9f/bda9c49a7c1842820de674ab36c79f4fbeeee03f8ff0e4f3546c3889076b/pycryptodomex-3.23.0-cp37-abi3-manylinux_2_5_i686.manylinux1_i686.manylinux_2_17_i686.manylinux2014_i686.whl", hash = "sha256:bdc69d0d3d989a1029df0eed67cc5e8e5d968f3724f4519bd03e0ec68df7543c", size = 2312166, upload-time = "2025-05-17T17:22:56.585Z" },
    { url = "https://files.pythonhosted.org/packages/03/cc/870b9bf8ca92866ca0186534801cf8d20554ad2a76ca959538041b7a7cf4/pycryptodomex-3.23.0-cp37-abi3-musllinux_1_2_aarch64.whl", hash = "sha256:6bbcb1dd0f646484939e142462d9e532482bc74475cecf9c4903d4e1cd21f003", size = 2185467, upload-time = "2025-05-17T17:22:59.237Z" },
    { url = "https://files.pythonhosted.org/packages/96/e3/ce9348236d8e669fea5dd82a90e86be48b9c341210f44e25443162aba187/pycryptodomex-3.23.0-cp37-abi3-musllinux_1_2_i686.whl", hash = "sha256:8a4fcd42ccb04c31268d1efeecfccfd1249612b4de6374205376b8f280321744", size = 2346104, upload-time = "2025-05-17T17:23:02.112Z" },
    { url = "https://files.pythonhosted.org/packages/a5/e9/e869bcee87beb89040263c416a8a50204f7f7a83ac11897646c9e71e0daf/pycryptodomex-3.23.0-cp37-abi3-musllinux_1_2_x86_64.whl", hash = "sha256:55ccbe27f049743a4caf4f4221b166560d3438d0b1e5ab929e07ae1702a4d6fd", size = 2271038, upload-time = "2025-05-17T17:23:04.872Z" },
    { url = "https://files.pythonhosted.org/packages/8d/67/09ee8500dd22614af5fbaa51a4aee6e342b5fa8aecf0a6cb9cbf52fa6d45/pycryptodomex-3.23.0-cp37-abi3-win32.whl", hash = "sha256:189afbc87f0b9f158386bf051f720e20fa6145975f1e76369303d0f31d1a8d7c", size = 1771969, upload-time = "2025-05-17T17:23:07.115Z" },
    { url = "https://files.pythonhosted.org/packages/69/96/11f36f71a865dd6df03716d33bd07a67e9d20f6b8d39820470b766af323c/pycryptodomex-3.23.0-cp37-abi3-win_amd64.whl", hash = "sha256:52e5ca58c3a0b0bd5e100a9fbc8015059b05cffc6c66ce9d98b4b45e023443b9", size = 1803124, upload-time = "2025-05-17T17:23:09.267Z" },
    { url = "https://files.pythonhosted.org/packages/f9/93/45c1cdcbeb182ccd2e144c693eaa097763b08b38cded279f0053ed53c553/pycryptodomex-3.23.0-cp37-abi3-win_arm64.whl", hash = "sha256:02d87b80778c171445d67e23d1caef279bf4b25c3597050ccd2e13970b57fd51", size = 1707161, upload-time = "2025-05-17T17:23:11.414Z" },
    { url = "https://files.pythonhosted.org/packages/f3/b8/3e76d948c3c4ac71335bbe75dac53e154b40b0f8f1f022dfa295257a0c96/pycryptodomex-3.23.0-pp310-pypy310_pp73-macosx_10_15_x86_64.whl", hash = "sha256:ebfff755c360d674306e5891c564a274a47953562b42fb74a5c25b8fc1fb1cb5", size = 1627695, upload-time = "2025-05-17T17:23:17.38Z" },
    { url = "https://files.pythonhosted.org/packages/6a/cf/80f4297a4820dfdfd1c88cf6c4666a200f204b3488103d027b5edd9176ec/pycryptodomex-3.23.0-pp310-pypy310_pp73-manylinux_2_17_aarch64.manylinux2014_aarch64.whl", hash = "sha256:eca54f4bb349d45afc17e3011ed4264ef1cc9e266699874cdd1349c504e64798", size = 1675772, upload-time = "2025-05-17T17:23:19.202Z" },
    { url = "https://files.pythonhosted.org/packages/d1/42/1e969ee0ad19fe3134b0e1b856c39bd0b70d47a4d0e81c2a8b05727394c9/pycryptodomex-3.23.0-pp310-pypy310_pp73-manylinux_2_17_x86_64.manylinux2014_x86_64.whl", hash = "sha256:4f2596e643d4365e14d0879dc5aafe6355616c61c2176009270f3048f6d9a61f", size = 1668083, upload-time = "2025-05-17T17:23:21.867Z" },
    { url = "https://files.pythonhosted.org/packages/6e/c3/1de4f7631fea8a992a44ba632aa40e0008764c0fb9bf2854b0acf78c2cf2/pycryptodomex-3.23.0-pp310-pypy310_pp73-manylinux_2_5_i686.manylinux1_i686.manylinux_2_17_i686.manylinux2014_i686.whl", hash = "sha256:fdfac7cda115bca3a5abb2f9e43bc2fb66c2b65ab074913643803ca7083a79ea", size = 1706056, upload-time = "2025-05-17T17:23:24.031Z" },
    { url = "https://files.pythonhosted.org/packages/f2/5f/af7da8e6f1e42b52f44a24d08b8e4c726207434e2593732d39e7af5e7256/pycryptodomex-3.23.0-pp310-pypy310_pp73-win_amd64.whl", hash = "sha256:14c37aaece158d0ace436f76a7bb19093db3b4deade9797abfc39ec6cd6cc2fe", size = 1806478, upload-time = "2025-05-17T17:23:26.066Z" },
    { url = "https://files.pythonhosted.org/packages/e2/eb/022ae689a90f4101847d3f43c2319b3f7f5ed53ba6a49b2c7af7d72c2523/pycryptodomex-3.23.0-pp39-pypy39_pp73-macosx_10_15_x86_64.whl", hash = "sha256:7de1e40a41a5d7f1ac42b6569b10bcdded34339950945948529067d8426d2785", size = 1627595, upload-time = "2025-05-17T17:23:28.211Z" },
    { url = "https://files.pythonhosted.org/packages/2c/5f/566de54abb78a0a7f4ca7730e8a1fd372509e257d15d9f0f076aa30e73a5/pycryptodomex-3.23.0-pp39-pypy39_pp73-manylinux_2_17_aarch64.manylinux2014_aarch64.whl", hash = "sha256:bffc92138d75664b6d543984db7893a628559b9e78658563b0395e2a5fb47ed9", size = 1675678, upload-time = "2025-05-17T17:23:30.36Z" },
    { url = "https://files.pythonhosted.org/packages/9b/e4/8240294e46b1ceb027b432be861b641752486691f675b9f0a4b0495c1cb5/pycryptodomex-3.23.0-pp39-pypy39_pp73-manylinux_2_17_x86_64.manylinux2014_x86_64.whl", hash = "sha256:df027262368334552db2c0ce39706b3fb32022d1dce34673d0f9422df004b96a", size = 1667977, upload-time = "2025-05-17T17:23:32.922Z" },
    { url = "https://files.pythonhosted.org/packages/0e/ac/2b8eee86b73811e3d814e429f3aeebf84ca07a5c1912a0a33246bfc4675f/pycryptodomex-3.23.0-pp39-pypy39_pp73-manylinux_2_5_i686.manylinux1_i686.manylinux_2_17_i686.manylinux2014_i686.whl", hash = "sha256:4e79f1aaff5a3a374e92eb462fa9e598585452135012e2945f96874ca6eeb1ff", size = 1705980, upload-time = "2025-05-17T17:23:34.796Z" },
    { url = "https://files.pythonhosted.org/packages/37/be/2e75f36f368068d87656a04e07f998fd345a5ba7a3a56fa8c3f80484a506/pycryptodomex-3.23.0-pp39-pypy39_pp73-win_amd64.whl", hash = "sha256:27e13c80ac9a0a1d050ef0a7e0a18cc04c8850101ec891815b6c5a0375e8a245", size = 1806361, upload-time = "2025-05-17T17:23:37.331Z" },
]

[[package]]
name = "pywin32"
version = "311"
source = { registry = "https://pypi.org/simple" }
wheels = [
    { url = "https://files.pythonhosted.org/packages/7b/40/44efbb0dfbd33aca6a6483191dae0716070ed99e2ecb0c53683f400a0b4f/pywin32-311-cp310-cp310-win32.whl", hash = "sha256:d03ff496d2a0cd4a5893504789d4a15399133fe82517455e78bad62efbb7f0a3", size = 8760432, upload-time = "2025-07-14T20:13:05.9Z" },
    { url = "https://files.pythonhosted.org/packages/5e/bf/360243b1e953bd254a82f12653974be395ba880e7ec23e3731d9f73921cc/pywin32-311-cp310-cp310-win_amd64.whl", hash = "sha256:797c2772017851984b97180b0bebe4b620bb86328e8a884bb626156295a63b3b", size = 9590103, upload-time = "2025-07-14T20:13:07.698Z" },
    { url = "https://files.pythonhosted.org/packages/57/38/d290720e6f138086fb3d5ffe0b6caa019a791dd57866940c82e4eeaf2012/pywin32-311-cp310-cp310-win_arm64.whl", hash = "sha256:0502d1facf1fed4839a9a51ccbcc63d952cf318f78ffc00a7e78528ac27d7a2b", size = 8778557, upload-time = "2025-07-14T20:13:11.11Z" },
    { url = "https://files.pythonhosted.org/packages/7c/af/449a6a91e5d6db51420875c54f6aff7c97a86a3b13a0b4f1a5c13b988de3/pywin32-311-cp311-cp311-win32.whl", hash = "sha256:184eb5e436dea364dcd3d2316d577d625c0351bf237c4e9a5fabbcfa5a58b151", size = 8697031, upload-time = "2025-07-14T20:13:13.266Z" },
    { url = "https://files.pythonhosted.org/packages/51/8f/9bb81dd5bb77d22243d33c8397f09377056d5c687aa6d4042bea7fbf8364/pywin32-311-cp311-cp311-win_amd64.whl", hash = "sha256:3ce80b34b22b17ccbd937a6e78e7225d80c52f5ab9940fe0506a1a16f3dab503", size = 9508308, upload-time = "2025-07-14T20:13:15.147Z" },
    { url = "https://files.pythonhosted.org/packages/44/7b/9c2ab54f74a138c491aba1b1cd0795ba61f144c711daea84a88b63dc0f6c/pywin32-311-cp311-cp311-win_arm64.whl", hash = "sha256:a733f1388e1a842abb67ffa8e7aad0e70ac519e09b0f6a784e65a136ec7cefd2", size = 8703930, upload-time = "2025-07-14T20:13:16.945Z" },
    { url = "https://files.pythonhosted.org/packages/e7/ab/01ea1943d4eba0f850c3c61e78e8dd59757ff815ff3ccd0a84de5f541f42/pywin32-311-cp312-cp312-win32.whl", hash = "sha256:750ec6e621af2b948540032557b10a2d43b0cee2ae9758c54154d711cc852d31", size = 8706543, upload-time = "2025-07-14T20:13:20.765Z" },
    { url = "https://files.pythonhosted.org/packages/d1/a8/a0e8d07d4d051ec7502cd58b291ec98dcc0c3fff027caad0470b72cfcc2f/pywin32-311-cp312-cp312-win_amd64.whl", hash = "sha256:b8c095edad5c211ff31c05223658e71bf7116daa0ecf3ad85f3201ea3190d067", size = 9495040, upload-time = "2025-07-14T20:13:22.543Z" },
    { url = "https://files.pythonhosted.org/packages/ba/3a/2ae996277b4b50f17d61f0603efd8253cb2d79cc7ae159468007b586396d/pywin32-311-cp312-cp312-win_arm64.whl", hash = "sha256:e286f46a9a39c4a18b319c28f59b61de793654af2f395c102b4f819e584b5852", size = 8710102, upload-time = "2025-07-14T20:13:24.682Z" },
    { url = "https://files.pythonhosted.org/packages/a5/be/3fd5de0979fcb3994bfee0d65ed8ca9506a8a1260651b86174f6a86f52b3/pywin32-311-cp313-cp313-win32.whl", hash = "sha256:f95ba5a847cba10dd8c4d8fefa9f2a6cf283b8b88ed6178fa8a6c1ab16054d0d", size = 8705700, upload-time = "2025-07-14T20:13:26.471Z" },
    { url = "https://files.pythonhosted.org/packages/e3/28/e0a1909523c6890208295a29e05c2adb2126364e289826c0a8bc7297bd5c/pywin32-311-cp313-cp313-win_amd64.whl", hash = "sha256:718a38f7e5b058e76aee1c56ddd06908116d35147e133427e59a3983f703a20d", size = 9494700, upload-time = "2025-07-14T20:13:28.243Z" },
    { url = "https://files.pythonhosted.org/packages/04/bf/90339ac0f55726dce7d794e6d79a18a91265bdf3aa70b6b9ca52f35e022a/pywin32-311-cp313-cp313-win_arm64.whl", hash = "sha256:7b4075d959648406202d92a2310cb990fea19b535c7f4a78d3f5e10b926eeb8a", size = 8709318, upload-time = "2025-07-14T20:13:30.348Z" },
    { url = "https://files.pythonhosted.org/packages/c9/31/097f2e132c4f16d99a22bfb777e0fd88bd8e1c634304e102f313af69ace5/pywin32-311-cp314-cp314-win32.whl", hash = "sha256:b7a2c10b93f8986666d0c803ee19b5990885872a7de910fc460f9b0c2fbf92ee", size = 8840714, upload-time = "2025-07-14T20:13:32.449Z" },
    { url = "https://files.pythonhosted.org/packages/90/4b/07c77d8ba0e01349358082713400435347df8426208171ce297da32c313d/pywin32-311-cp314-cp314-win_amd64.whl", hash = "sha256:3aca44c046bd2ed8c90de9cb8427f581c479e594e99b5c0bb19b29c10fd6cb87", size = 9656800, upload-time = "2025-07-14T20:13:34.312Z" },
    { url = "https://files.pythonhosted.org/packages/c0/d2/21af5c535501a7233e734b8af901574572da66fcc254cb35d0609c9080dd/pywin32-311-cp314-cp314-win_arm64.whl", hash = "sha256:a508e2d9025764a8270f93111a970e1d0fbfc33f4153b388bb649b7eec4f9b42", size = 8932540, upload-time = "2025-07-14T20:13:36.379Z" },
    { url = "https://files.pythonhosted.org/packages/75/20/6cd04d636a4c83458ecbb7c8220c13786a1a80d3f5fb568df39310e73e98/pywin32-311-cp38-cp38-win32.whl", hash = "sha256:6c6f2969607b5023b0d9ce2541f8d2cbb01c4f46bc87456017cf63b73f1e2d8c", size = 8766775, upload-time = "2025-07-14T20:12:55.029Z" },
    { url = "https://files.pythonhosted.org/packages/ff/6c/94c10268bae5d0d0c6509bdfb5aa08882d11a9ccdf89ff1cde59a6161afb/pywin32-311-cp38-cp38-win_amd64.whl", hash = "sha256:c8015b09fb9a5e188f83b7b04de91ddca4658cee2ae6f3bc483f0b21a77ef6cd", size = 9594743, upload-time = "2025-07-14T20:12:57.59Z" },
    { url = "https://files.pythonhosted.org/packages/59/42/b86689aac0cdaee7ae1c58d464b0ff04ca909c19bb6502d4973cdd9f9544/pywin32-311-cp39-cp39-win32.whl", hash = "sha256:aba8f82d551a942cb20d4a83413ccbac30790b50efb89a75e4f586ac0bb8056b", size = 8760837, upload-time = "2025-07-14T20:12:59.59Z" },
    { url = "https://files.pythonhosted.org/packages/9f/8a/1403d0353f8c5a2f0829d2b1c4becbf9da2f0a4d040886404fc4a5431e4d/pywin32-311-cp39-cp39-win_amd64.whl", hash = "sha256:e0c4cfb0621281fe40387df582097fd796e80430597cb9944f0ae70447bacd91", size = 9590187, upload-time = "2025-07-14T20:13:01.419Z" },
    { url = "https://files.pythonhosted.org/packages/60/22/e0e8d802f124772cec9c75430b01a212f86f9de7546bda715e54140d5aeb/pywin32-311-cp39-cp39-win_arm64.whl", hash = "sha256:62ea666235135fee79bb154e695f3ff67370afefd71bd7fea7512fc70ef31e3d", size = 8778162, upload-time = "2025-07-14T20:13:03.544Z" },
]

[[package]]
name = "shadowcopy"
version = "0.0.4"
source = { registry = "https://pypi.org/simple" }
dependencies = [
    { name = "wmi" },
]
sdist = { url = "https://files.pythonhosted.org/packages/12/44/c00420a3b7bcdf830529b933392b566c876a4944a24f31e126eb6fd28647/shadowcopy-0.0.4.tar.gz", hash = "sha256:ed89817dda065f893607a04c0b7d6b3b34c3507a4711f441111a4bcb1b1826c0", size = 4138, upload-time = "2023-07-08T00:01:35.266Z" }
wheels = [
    { url = "https://files.pythonhosted.org/packages/ad/32/fdea8e7f7b2b8bae13ee6ab7df1a10d28a24dbeb03a62ff033563f95d77c/shadowcopy-0.0.4-py3-none-any.whl", hash = "sha256:fc51e59a639dc6a5a3a7a9b4e3ecadc71989e339f2d995d90aaa491acd4ba4eb", size = 4212, upload-time = "2023-07-08T00:01:34.042Z" },
]

[[package]]
name = "wmi"
version = "1.5.1"
source = { registry = "https://pypi.org/simple" }
dependencies = [
    { name = "pywin32" },
]
sdist = { url = "https://files.pythonhosted.org/packages/d4/66/6364deb0a03415f96c66803d8c4379f808f2401da3bdb183348487b10510/WMI-1.5.1.tar.gz", hash = "sha256:b6a6be5711b1b6c8d55bda7a8befd75c48c12b770b9d227d31c1737dbf0d40a6", size = 26254, upload-time = "2020-04-28T08:22:58.096Z" }
wheels = [
    { url = "https://files.pythonhosted.org/packages/ee/b9/a80d1ed4d115dac8e2ac08d16af046a77ab58e3d186e22395bf2add24090/WMI-1.5.1-py2.py3-none-any.whl", hash = "sha256:1d6b085e5c445141c475476000b661f60fff1aaa19f76bf82b7abb92e0ff4942", size = 28912, upload-time = "2020-04-28T08:22:56.055Z" },
]
